// !$*UTF8*$!
{
	archiveVersion = 1;
	classes = {
	};
	objectVersion = 46;
	objects = {

/* Begin PBXBuildFile section */
		114893551DEBC6A700476D6A /* AppDelegate.swift in Sources */ = {isa = PBXBuildFile; fileRef = 114893541DEBC6A700476D6A /* AppDelegate.swift */; };
		114893571DEBC6A700476D6A /* ViewController.swift in Sources */ = {isa = PBXBuildFile; fileRef = 114893561DEBC6A700476D6A /* ViewController.swift */; };
		1148935A1DEBC6A700476D6A /* Main.storyboard in Resources */ = {isa = PBXBuildFile; fileRef = 114893581DEBC6A700476D6A /* Main.storyboard */; };
		1148935C1DEBC6A700476D6A /* Assets.xcassets in Resources */ = {isa = PBXBuildFile; fileRef = 1148935B1DEBC6A700476D6A /* Assets.xcassets */; };
		1148935F1DEBC6A700476D6A /* LaunchScreen.storyboard in Resources */ = {isa = PBXBuildFile; fileRef = 1148935D1DEBC6A700476D6A /* LaunchScreen.storyboard */; };
/* End PBXBuildFile section */

/* Begin PBXFileReference section */
		114893511DEBC6A700476D6A /* js-talk.app */ = {isa = PBXFileReference; explicitFileType = wrapper.application; includeInIndex = 0; path = "js-talk.app"; sourceTree = BUILT_PRODUCTS_DIR; };
		114893541DEBC6A700476D6A /* AppDelegate.swift */ = {isa = PBXFileReference; lastKnownFileType = sourcecode.swift; path = AppDelegate.swift; sourceTree = "<group>"; };
		114893561DEBC6A700476D6A /* ViewController.swift */ = {isa = PBXFileReference; lastKnownFileType = sourcecode.swift; path = ViewController.swift; sourceTree = "<group>"; };
		114893591DEBC6A700476D6A /* Base */ = {isa = PBXFileReference; lastKnownFileType = file.storyboard; name = Base; path = Base.lproj/Main.storyboard; sourceTree = "<group>"; };
		1148935B1DEBC6A700476D6A /* Assets.xcassets */ = {isa = PBXFileReference; lastKnownFileType = folder.assetcatalog; path = Assets.xcassets; sourceTree = "<group>"; };
		1148935E1DEBC6A700476D6A /* Base */ = {isa = PBXFileReference; lastKnownFileType = file.storyboard; name = Base; path = Base.lproj/LaunchScreen.storyboard; sourceTree = "<group>"; };
		114893601DEBC6A700476D6A /* Info.plist */ = {isa = PBXFileReference; lastKnownFileType = text.plist.xml; path = Info.plist; sourceTree = "<group>"; };
/* End PBXFileReference section */

/* Begin PBXFrameworksBuildPhase section */
		1148934E1DEBC6A700476D6A /* Frameworks */ = {
			isa = PBXFrameworksBuildPhase;
			buildActionMask = 2147483647;
			files = (
			);
			runOnlyForDeploymentPostprocessing = 0;
		};
/* End PBXFrameworksBuildPhase section */

/* Begin PBXGroup section */
		114893481DEBC6A700476D6A = {
			isa = PBXGroup;
			children = (
				114893531DEBC6A700476D6A /* js-talk */,
				114893521DEBC6A700476D6A /* Products */,
			);
			sourceTree = "<group>";
		};
		114893521DEBC6A700476D6A /* Products */ = {
			isa = PBXGroup;
			children = (
				114893511DEBC6A700476D6A /* js-talk.app */,
			);
			name = Products;
			sourceTree = "<group>";
		};
		114893531DEBC6A700476D6A /* js-talk */ = {
			isa = PBXGroup;
			children = (
				114893541DEBC6A700476D6A /* AppDelegate.swift */,
				114893561DEBC6A700476D6A /* ViewController.swift */,
				114893581DEBC6A700476D6A /* Main.storyboard */,
				1148935B1DEBC6A700476D6A /* Assets.xcassets */,
				1148935D1DEBC6A700476D6A /* LaunchScreen.storyboard */,
				114893601DEBC6A700476D6A /* Info.plist */,
			);
			path = "js-talk";
			sourceTree = "<group>";
		};
/* End PBXGroup section */

/* Begin PBXNativeTarget section */
		114893501DEBC6A700476D6A /* js-talk */ = {
			isa = PBXNativeTarget;
			buildConfigurationList = 114893631DEBC6A700476D6A /* Build configuration list for PBXNativeTarget "js-talk" */;
			buildPhases = (
				1148934D1DEBC6A700476D6A /* Sources */,
				1148934E1DEBC6A700476D6A /* Frameworks */,
				1148934F1DEBC6A700476D6A /* Resources */,
			);
			buildRules = (
			);
			dependencies = (
			);
			name = "js-talk";
			productName = "js-talk";
			productReference = 114893511DEBC6A700476D6A /* js-talk.app */;
			productType = "com.apple.product-type.application";
		};
/* End PBXNativeTarget section */

/* Begin PBXProject section */
		114893491DEBC6A700476D6A /* Project object */ = {
			isa = PBXProject;
			attributes = {
				LastSwiftUpdateCheck = 0810;
				LastUpgradeCheck = 0810;
				ORGANIZATIONNAME = LionIQ;
				TargetAttributes = {
					114893501DEBC6A700476D6A = {
						CreatedOnToolsVersion = 8.1;
						ProvisioningStyle = Automatic;
					};
				};
			};
			buildConfigurationList = 1148934C1DEBC6A700476D6A /* Build configuration list for PBXProject "js-talk" */;
			compatibilityVersion = "Xcode 3.2";
			developmentRegion = English;
			hasScannedForEncodings = 0;
			knownRegions = (
				en,
				Base,
			);
			mainGroup = 114893481DEBC6A700476D6A;
			productRefGroup = 114893521DEBC6A700476D6A /* Products */;
			projectDirPath = "";
			projectRoot = "";
			targets = (
				114893501DEBC6A700476D6A /* js-talk */,
			);
		};
/* End PBXProject section */

/* Begin PBXResourcesBuildPhase section */
		1148934F1DEBC6A700476D6A /* Resources */ = {
			isa = PBXResourcesBuildPhase;
			buildActionMask = 2147483647;
			files = (
				1148935F1DEBC6A700476D6A /* LaunchScreen.storyboard in Resources */,
				1148935C1DEBC6A700476D6A /* Assets.xcassets in Resources */,
				1148935A1DEBC6A700476D6A /* Main.storyboard in Resources */,
			);
			runOnlyForDeploymentPostprocessing = 0;
		};
/* End PBXResourcesBuildPhase section */

/* Begin PBXSourcesBuildPhase section */
		1148934D1DEBC6A700476D6A /* Sources */ = {
			isa = PBXSourcesBuildPhase;
			buildActionMask = 2147483647;
			files = (
				114893571DEBC6A700476D6A /* ViewController.swift in Sources */,
				114893551DEBC6A700476D6A /* AppDelegate.swift in Sources */,
			);
			runOnlyForDeploymentPostprocessing = 0;
		};
/* End PBXSourcesBuildPhase section */

/* Begin PBXVariantGroup section */
		114893581DEBC6A700476D6A /* Main.storyboard */ = {
			isa = PBXVariantGroup;
			children = (
				114893591DEBC6A700476D6A /* Base */,
			);
			name = Main.storyboard;
			sourceTree = "<group>";
		};
		1148935D1DEBC6A700476D6A /* LaunchScreen.storyboard */ = {
			isa = PBXVariantGroup;
			children = (
				1148935E1DEBC6A700476D6A /* Base */,
			);
			name = LaunchScreen.storyboard;
			sourceTree = "<group>";
		};
/* End PBXVariantGroup section */

/* Begin XCBuildConfiguration section */
		114893611DEBC6A700476D6A /* Debug */ = {
			isa = XCBuildConfiguration;
			buildSettings = {
				ALWAYS_SEARCH_USER_PATHS = NO;
				CLANG_ANALYZER_NONNULL = YES;
				CLANG_CXX_LANGUAGE_STANDARD = "gnu++0x";
				CLANG_CXX_LIBRARY = "libc++";
				CLANG_ENABLE_MODULES = YES;
				CLANG_ENABLE_OBJC_ARC = YES;
				CLANG_WARN_BOOL_CONVERSION = YES;
				CLANG_WARN_CONSTANT_CONVERSION = YES;
				CLANG_WARN_DIRECT_OBJC_ISA_USAGE = YES_ERROR;
				CLANG_WARN_DOCUMENTATION_COMMENTS = YES;
				CLANG_WARN_EMPTY_BODY = YES;
				CLANG_WARN_ENUM_CONVERSION = YES;
				CLANG_WARN_INFINITE_RECURSION = YES;
				CLANG_WARN_INT_CONVERSION = YES;
				CLANG_WARN_OBJC_ROOT_CLASS = YES_ERROR;
				CLANG_WARN_SUSPICIOUS_MOVES = YES;
				CLANG_WARN_UNREACHABLE_CODE = YES;
				CLANG_WARN__DUPLICATE_METHOD_MATCH = YES;
				"CODE_SIGN_IDENTITY[sdk=iphoneos*]" = "iPhone Developer";
				COPY_PHASE_STRIP = NO;
				DEBUG_INFORMATION_FORMAT = dwarf;
				ENABLE_STRICT_OBJC_MSGSEND = YES;
				ENABLE_TESTABILITY = YES;
				GCC_C_LANGUAGE_STANDARD = gnu99;
				GCC_DYNAMIC_NO_PIC = NO;
				GCC_NO_COMMON_BLOCKS = YES;
				GCC_OPTIMIZATION_LEVEL = 0;
				GCC_PREPROCESSOR_DEFINITIONS = (
					"DEBUG=1",
					"$(inherited)",
				);
				GCC_WARN_64_TO_32_BIT_CONVERSION = YES;
				GCC_WARN_ABOUT_RETURN_TYPE = YES_ERROR;
				GCC_WARN_UNDECLARED_SELECTOR = YES;
				GCC_WARN_UNINITIALIZED_AUTOS = YES_AGGRESSIVE;
				GCC_WARN_UNUSED_FUNCTION = YES;
				GCC_WARN_UNUSED_VARIABLE = YES;
				IPHONEOS_DEPLOYMENT_TARGET = 10.1;
				MTL_ENABLE_DEBUG_INFO = YES;
				ONLY_ACTIVE_ARCH = YES;
				SDKROOT = iphoneos;
				SWIFT_ACTIVE_COMPILATION_CONDITIONS = DEBUG;
				SWIFT_OPTIMIZATION_LEVEL = "-Onone";
			};
			name = Debug;
		};
		114893621DEBC6A700476D6A /* Release */ = {
			isa = XCBuildConfiguration;
			buildSettings = {
				ALWAYS_SEARCH_USER_PATHS = NO;
				CLANG_ANALYZER_NONNULL = YES;
				CLANG_CXX_LANGUAGE_STANDARD = "gnu++0x";
				CLANG_CXX_LIBRARY = "libc++";
				CLANG_ENABLE_MODULES = YES;
				CLANG_ENABLE_OBJC_ARC = YES;
				CLANG_WARN_BOOL_CONVERSION = YES;
				CLANG_WARN_CONSTANT_CONVERSION = YES;
				CLANG_WARN_DIRECT_OBJC_ISA_USAGE = YES_ERROR;
				CLANG_WARN_DOCUMENTATION_COMMENTS = YES;
				CLANG_WARN_EMPTY_BODY = YES;
				CLANG_WARN_ENUM_CONVERSION = YES;
				CLANG_WARN_INFINITE_RECURSION = YES;
				CLANG_WARN_INT_CONVERSION = YES;
				CLANG_WARN_OBJC_ROOT_CLASS = YES_ERROR;
				CLANG_WARN_SUSPICIOUS_MOVES = YES;
				CLANG_WARN_UNREACHABLE_CODE = YES;
				CLANG_WARN__DUPLICATE_METHOD_MATCH = YES;
				"CODE_SIGN_IDENTITY[sdk=iphoneos*]" = "iPhone Developer";
				COPY_PHASE_STRIP = NO;
				DEBUG_INFORMATION_FORMAT = "dwarf-with-dsym";
				ENABLE_NS_ASSERTIONS = NO;
				ENABLE_STRICT_OBJC_MSGSEND = YES;
				GCC_C_LANGUAGE_STANDARD = gnu99;
				GCC_NO_COMMON_BLOCKS = YES;
				GCC_WARN_64_TO_32_BIT_CONVERSION = YES;
				GCC_WARN_ABOUT_RETURN_TYPE = YES_ERROR;
				GCC_WARN_UNDECLARED_SELECTOR = YES;
				GCC_WARN_UNINITIALIZED_AUTOS = YES_AGGRESSIVE;
				GCC_WARN_UNUSED_FUNCTION = YES;
				GCC_WARN_UNUSED_VARIABLE = YES;
				IPHONEOS_DEPLOYMENT_TARGET = 10.1;
				MTL_ENABLE_DEBUG_INFO = NO;
				SDKROOT = iphoneos;
				SWIFT_OPTIMIZATION_LEVEL = "-Owholemodule";
				VALIDATE_PRODUCT = YES;
			};
			name = Release;
		};
		114893641DEBC6A700476D6A /* Debug */ = {
			isa = XCBuildConfiguration;
			buildSettings = {
				ASSETCATALOG_COMPILER_APPICON_NAME = AppIcon;
				INFOPLIST_FILE = "js-talk/Info.plist";
				LD_RUNPATH_SEARCH_PATHS = "$(inherited) @executable_path/Frameworks";
				PRODUCT_BUNDLE_IDENTIFIER = "com.lioniq.js-talk";
				PRODUCT_NAME = "$(TARGET_NAME)";
				SWIFT_VERSION = 3.0;
			};
			name = Debug;
		};
		114893651DEBC6A700476D6A /* Release */ = {
			isa = XCBuildConfiguration;
			buildSettings = {
				ASSETCATALOG_COMPILER_APPICON_NAME = AppIcon;
				INFOPLIST_FILE = "js-talk/Info.plist";
				LD_RUNPATH_SEARCH_PATHS = "$(inherited) @executable_path/Frameworks";
				PRODUCT_BUNDLE_IDENTIFIER = "com.lioniq.js-talk";
				PRODUCT_NAME = "$(TARGET_NAME)";
				SWIFT_VERSION = 3.0;
			};
			name = Release;
		};
/* End XCBuildConfiguration section */

/* Begin XCConfigurationList section */
		1148934C1DEBC6A700476D6A /* Build configuration list for PBXProject "js-talk" */ = {
			isa = XCConfigurationList;
			buildConfigurations = (
				114893611DEBC6A700476D6A /* Debug */,
				114893621DEBC6A700476D6A /* Release */,
			);
			defaultConfigurationIsVisible = 0;
			defaultConfigurationName = Release;
		};
		114893631DEBC6A700476D6A /* Build configuration list for PBXNativeTarget "js-talk" */ = {
			isa = XCConfigurationList;
			buildConfigurations = (
				114893641DEBC6A700476D6A /* Debug */,
				114893651DEBC6A700476D6A /* Release */,
			);
			defaultConfigurationIsVisible = 0;
		};
/* End XCConfigurationList section */
	};
	rootObject = 114893491DEBC6A700476D6A /* Project object */;
}
